
Microsoft Visual Studio Solution File, Format Version 12.00
# Visual Studio Version 17
VisualStudioVersion = 17.4.33103.184
MinimumVisualStudioVersion = 10.0.40219.1
Project("{9A19103F-16F7-4668-BE54-9A1E7A4F7556}") = "MyFirstGodotProject", "MyFirstGodotProject.csproj", "{988BA535-C7DD-4D52-B7C7-F23741097FDC}"
EndProject
Project("{FAE04EC0-301F-11D3-BF4B-00C04F79EFBC}") = "ClassLibrary1", "..\ClassLibrary1\ClassLibrary1.csproj", "{8489EDD3-B45B-4B4F-B0E8-D45C36FD504F}"
EndProject
Project("{9A19103F-16F7-4668-BE54-9A1E7A4F7556}") = "WinFormsApp1", "..\WinFormsApp1\WinFormsApp1.csproj", "{E723B6B3-44E7-46A3-A0A0-2A7EB2791027}"
EndProject
Project("{9A19103F-16F7-4668-BE54-9A1E7A4F7556}") = "WinFormsApp2", "..\WinFormsApp2\WinFormsApp2.csproj", "{AAB0B40E-DFA4-49E0-A28B-B18D2F172B2B}"
EndProject
Project("{FAE04EC0-301F-11D3-BF4B-00C04F79EFBC}") = "Stub", "..\Stub\Stub.csproj", "{2B29E28A-AF20-45CB-809C-DE9CAFDDB5C2}"
EndProject
Global
	GlobalSection(SolutionConfigurationPlatforms) = preSolution
		Debug|Any CPU = Debug|Any CPU
		ExportDebug|Any CPU = ExportDebug|Any CPU
		ExportRelease|Any CPU = ExportRelease|Any CPU
		Release|Any CPU = Release|Any CPU
	EndGlobalSection
	GlobalSection(ProjectConfigurationPlatforms) = postSolution
		{988BA535-C7DD-4D52-B7C7-F23741097FDC}.Debug|Any CPU.ActiveCfg = Debug|Any CPU
		{988BA535-C7DD-4D52-B7C7-F23741097FDC}.Debug|Any CPU.Build.0 = Debug|Any CPU
		{988BA535-C7DD-4D52-B7C7-F23741097FDC}.ExportDebug|Any CPU.ActiveCfg = ExportDebug|Any CPU
		{988BA535-C7DD-4D52-B7C7-F23741097FDC}.ExportDebug|Any CPU.Build.0 = ExportDebug|Any CPU
		{988BA535-C7DD-4D52-B7C7-F23741097FDC}.ExportRelease|Any CPU.ActiveCfg = ExportRelease|Any CPU
		{988BA535-C7DD-4D52-B7C7-F23741097FDC}.ExportRelease|Any CPU.Build.0 = ExportRelease|Any CPU
		{988BA535-C7DD-4D52-B7C7-F23741097FDC}.Release|Any CPU.ActiveCfg = ExportRelease|Any CPU
		{988BA535-C7DD-4D52-B7C7-F23741097FDC}.Release|Any CPU.Build.0 = ExportRelease|Any CPU
		{8489EDD3-B45B-4B4F-B0E8-D45C36FD504F}.Debug|Any CPU.ActiveCfg = Debug|Any CPU
		{8489EDD3-B45B-4B4F-B0E8-D45C36FD504F}.Debug|Any CPU.Build.0 = Debug|Any CPU
		{8489EDD3-B45B-4B4F-B0E8-D45C36FD504F}.ExportDebug|Any CPU.ActiveCfg = Debug|Any CPU
		{8489EDD3-B45B-4B4F-B0E8-D45C36FD504F}.ExportDebug|Any CPU.Build.0 = Debug|Any CPU
		{8489EDD3-B45B-4B4F-B0E8-D45C36FD504F}.ExportRelease|Any CPU.ActiveCfg = Release|Any CPU
		{8489EDD3-B45B-4B4F-B0E8-D45C36FD504F}.ExportRelease|Any CPU.Build.0 = Release|Any CPU
		{8489EDD3-B45B-4B4F-B0E8-D45C36FD504F}.Release|Any CPU.ActiveCfg = Release|Any CPU
		{8489EDD3-B45B-4B4F-B0E8-D45C36FD504F}.Release|Any CPU.Build.0 = Release|Any CPU
		{E723B6B3-44E7-46A3-A0A0-2A7EB2791027}.Debug|Any CPU.ActiveCfg = Debug|Any CPU
		{E723B6B3-44E7-46A3-A0A0-2A7EB2791027}.Debug|Any CPU.Build.0 = Debug|Any CPU
		{E723B6B3-44E7-46A3-A0A0-2A7EB2791027}.ExportDebug|Any CPU.ActiveCfg = Debug|Any CPU
		{E723B6B3-44E7-46A3-A0A0-2A7EB2791027}.ExportDebug|Any CPU.Build.0 = Debug|Any CPU
		{E723B6B3-44E7-46A3-A0A0-2A7EB2791027}.ExportRelease|Any CPU.ActiveCfg = Release|Any CPU
		{E723B6B3-44E7-46A3-A0A0-2A7EB2791027}.ExportRelease|Any CPU.Build.0 = Release|Any CPU
		{E723B6B3-44E7-46A3-A0A0-2A7EB2791027}.Release|Any CPU.ActiveCfg = Release|Any CPU
		{E723B6B3-44E7-46A3-A0A0-2A7EB2791027}.Release|Any CPU.Build.0 = Release|Any CPU
		{AAB0B40E-DFA4-49E0-A28B-B18D2F172B2B}.Debug|Any CPU.ActiveCfg = Debug|Any CPU
		{AAB0B40E-DFA4-49E0-A28B-B18D2F172B2B}.Debug|Any CPU.Build.0 = Debug|Any CPU
		{AAB0B40E-DFA4-49E0-A28B-B18D2F172B2B}.ExportDebug|Any CPU.ActiveCfg = Debug|Any CPU
		{AAB0B40E-DFA4-49E0-A28B-B18D2F172B2B}.ExportDebug|Any CPU.Build.0 = Debug|Any CPU
		{AAB0B40E-DFA4-49E0-A28B-B18D2F172B2B}.ExportRelease|Any CPU.ActiveCfg = Release|Any CPU
		{AAB0B40E-DFA4-49E0-A28B-B18D2F172B2B}.ExportRelease|Any CPU.Build.0 = Release|Any CPU
		{AAB0B40E-DFA4-49E0-A28B-B18D2F172B2B}.Release|Any CPU.ActiveCfg = Release|Any CPU
		{AAB0B40E-DFA4-49E0-A28B-B18D2F172B2B}.Release|Any CPU.Build.0 = Release|Any CPU
		{2B29E28A-AF20-45CB-809C-DE9CAFDDB5C2}.Debug|Any CPU.ActiveCfg = Debug|Any CPU
		{2B29E28A-AF20-45CB-809C-DE9CAFDDB5C2}.Debug|Any CPU.Build.0 = Debug|Any CPU
		{2B29E28A-AF20-45CB-809C-DE9CAFDDB5C2}.ExportDebug|Any CPU.ActiveCfg = Debug|Any CPU
		{2B29E28A-AF20-45CB-809C-DE9CAFDDB5C2}.ExportDebug|Any CPU.Build.0 = Debug|Any CPU
		{2B29E28A-AF20-45CB-809C-DE9CAFDDB5C2}.ExportRelease|Any CPU.ActiveCfg = Release|Any CPU
		{2B29E28A-AF20-45CB-809C-DE9CAFDDB5C2}.ExportRelease|Any CPU.Build.0 = Release|Any CPU
		{2B29E28A-AF20-45CB-809C-DE9CAFDDB5C2}.Release|Any CPU.ActiveCfg = Release|Any CPU
		{2B29E28A-AF20-45CB-809C-DE9CAFDDB5C2}.Release|Any CPU.Build.0 = Release|Any CPU
	EndGlobalSection
	GlobalSection(SolutionProperties) = preSolution
		HideSolutionNode = FALSE
	EndGlobalSection
	GlobalSection(ExtensibilityGlobals) = postSolution
		SolutionGuid = {DBA43123-C03D-41FB-9E75-0AF779718495}
	EndGlobalSection
EndGlobal
